
Microsoft Visual Studio Solution File, Format Version 12.00
# Visual Studio 15
Project("{FAE04EC0-301F-11D3-BF4B-00C04F79EFBC}") = "UniRx", "UniRx.csproj", "{B710BF0A-75CA-C956-659B-C4F3561DE8E1}"
EndProject
Project("{FAE04EC0-301F-11D3-BF4B-00C04F79EFBC}") = "Assembly-CSharp", "Assembly-CSharp.csproj", "{7CB8E5EE-6FC3-19D0-9676-445CE4A3477E}"
EndProject
Project("{FAE04EC0-301F-11D3-BF4B-00C04F79EFBC}") = "UniRx.Examples", "UniRx.Examples.csproj", "{E02FA98F-01AF-2D64-9746-31AAF3F0F107}"
EndProject
Project("{FAE04EC0-301F-11D3-BF4B-00C04F79EFBC}") = "UniTask.Linq", "UniTask.Linq.csproj", "{658DB0C1-B5DC-EAED-2432-81D85E5E9718}"
EndProject
Project("{FAE04EC0-301F-11D3-BF4B-00C04F79EFBC}") = "UniTask", "UniTask.csproj", "{193FB281-64FD-944C-192D-0CEEE34F9DF4}"
EndProject
Project("{FAE04EC0-301F-11D3-BF4B-00C04F79EFBC}") = "UniTask.TextMeshPro", "UniTask.TextMeshPro.csproj", "{75E1E6F5-3672-5B8D-8EA6-92C95DFD8E15}"
EndProject
Project("{FAE04EC0-301F-11D3-BF4B-00C04F79EFBC}") = "UniTask.DOTween", "UniTask.DOTween.csproj", "{49A10CCF-2D8B-5AD6-5228-F6CD5951370F}"
EndProject
Project("{FAE04EC0-301F-11D3-BF4B-00C04F79EFBC}") = "UniTask.Addressables", "UniTask.Addressables.csproj", "{5AD4E6B4-7872-20F8-2399-3E3335A8B1B0}"
EndProject
Project("{FAE04EC0-301F-11D3-BF4B-00C04F79EFBC}") = "Assembly-CSharp-Editor", "Assembly-CSharp-Editor.csproj", "{E1720BBE-C89B-D113-667E-10A0C87C33CA}"
EndProject
Project("{FAE04EC0-301F-11D3-BF4B-00C04F79EFBC}") = "UniTask.Editor", "UniTask.Editor.csproj", "{38C2E6D4-56E7-3034-82EA-8D0933224608}"
EndProject
Global
	GlobalSection(SolutionConfigurationPlatforms) = preSolution
		Debug|Any CPU = Debug|Any CPU
		Release|Any CPU = Release|Any CPU
	EndGlobalSection
	GlobalSection(ProjectConfigurationPlatforms) = postSolution
		{B710BF0A-75CA-C956-659B-C4F3561DE8E1}.Debug|Any CPU.ActiveCfg = Debug|Any CPU
		{B710BF0A-75CA-C956-659B-C4F3561DE8E1}.Debug|Any CPU.Build.0 = Debug|Any CPU
		{B710BF0A-75CA-C956-659B-C4F3561DE8E1}.Release|Any CPU.ActiveCfg = Release|Any CPU
		{B710BF0A-75CA-C956-659B-C4F3561DE8E1}.Release|Any CPU.Build.0 = Release|Any CPU
		{7CB8E5EE-6FC3-19D0-9676-445CE4A3477E}.Debug|Any CPU.ActiveCfg = Debug|Any CPU
		{7CB8E5EE-6FC3-19D0-9676-445CE4A3477E}.Debug|Any CPU.Build.0 = Debug|Any CPU
		{7CB8E5EE-6FC3-19D0-9676-445CE4A3477E}.Release|Any CPU.ActiveCfg = Release|Any CPU
		{7CB8E5EE-6FC3-19D0-9676-445CE4A3477E}.Release|Any CPU.Build.0 = Release|Any CPU
		{E02FA98F-01AF-2D64-9746-31AAF3F0F107}.Debug|Any CPU.ActiveCfg = Debug|Any CPU
		{E02FA98F-01AF-2D64-9746-31AAF3F0F107}.Debug|Any CPU.Build.0 = Debug|Any CPU
		{E02FA98F-01AF-2D64-9746-31AAF3F0F107}.Release|Any CPU.ActiveCfg = Release|Any CPU
		{E02FA98F-01AF-2D64-9746-31AAF3F0F107}.Release|Any CPU.Build.0 = Release|Any CPU
		{658DB0C1-B5DC-EAED-2432-81D85E5E9718}.Debug|Any CPU.ActiveCfg = Debug|Any CPU
		{658DB0C1-B5DC-EAED-2432-81D85E5E9718}.Debug|Any CPU.Build.0 = Debug|Any CPU
		{658DB0C1-B5DC-EAED-2432-81D85E5E9718}.Release|Any CPU.ActiveCfg = Release|Any CPU
		{658DB0C1-B5DC-EAED-2432-81D85E5E9718}.Release|Any CPU.Build.0 = Release|Any CPU
		{193FB281-64FD-944C-192D-0CEEE34F9DF4}.Debug|Any CPU.ActiveCfg = Debug|Any CPU
		{193FB281-64FD-944C-192D-0CEEE34F9DF4}.Debug|Any CPU.Build.0 = Debug|Any CPU
		{193FB281-64FD-944C-192D-0CEEE34F9DF4}.Release|Any CPU.ActiveCfg = Release|Any CPU
		{193FB281-64FD-944C-192D-0CEEE34F9DF4}.Release|Any CPU.Build.0 = Release|Any CPU
		{75E1E6F5-3672-5B8D-8EA6-92C95DFD8E15}.Debug|Any CPU.ActiveCfg = Debug|Any CPU
		{75E1E6F5-3672-5B8D-8EA6-92C95DFD8E15}.Debug|Any CPU.Build.0 = Debug|Any CPU
		{75E1E6F5-3672-5B8D-8EA6-92C95DFD8E15}.Release|Any CPU.ActiveCfg = Release|Any CPU
		{75E1E6F5-3672-5B8D-8EA6-92C95DFD8E15}.Release|Any CPU.Build.0 = Release|Any CPU
		{49A10CCF-2D8B-5AD6-5228-F6CD5951370F}.Debug|Any CPU.ActiveCfg = Debug|Any CPU
		{49A10CCF-2D8B-5AD6-5228-F6CD5951370F}.Debug|Any CPU.Build.0 = Debug|Any CPU
		{49A10CCF-2D8B-5AD6-5228-F6CD5951370F}.Release|Any CPU.ActiveCfg = Release|Any CPU
		{49A10CCF-2D8B-5AD6-5228-F6CD5951370F}.Release|Any CPU.Build.0 = Release|Any CPU
		{5AD4E6B4-7872-20F8-2399-3E3335A8B1B0}.Debug|Any CPU.ActiveCfg = Debug|Any CPU
		{5AD4E6B4-7872-20F8-2399-3E3335A8B1B0}.Debug|Any CPU.Build.0 = Debug|Any CPU
		{5AD4E6B4-7872-20F8-2399-3E3335A8B1B0}.Release|Any CPU.ActiveCfg = Release|Any CPU
		{5AD4E6B4-7872-20F8-2399-3E3335A8B1B0}.Release|Any CPU.Build.0 = Release|Any CPU
		{E1720BBE-C89B-D113-667E-10A0C87C33CA}.Debug|Any CPU.ActiveCfg = Debug|Any CPU
		{E1720BBE-C89B-D113-667E-10A0C87C33CA}.Debug|Any CPU.Build.0 = Debug|Any CPU
		{E1720BBE-C89B-D113-667E-10A0C87C33CA}.Release|Any CPU.ActiveCfg = Release|Any CPU
		{E1720BBE-C89B-D113-667E-10A0C87C33CA}.Release|Any CPU.Build.0 = Release|Any CPU
		{38C2E6D4-56E7-3034-82EA-8D0933224608}.Debug|Any CPU.ActiveCfg = Debug|Any CPU
		{38C2E6D4-56E7-3034-82EA-8D0933224608}.Debug|Any CPU.Build.0 = Debug|Any CPU
		{38C2E6D4-56E7-3034-82EA-8D0933224608}.Release|Any CPU.ActiveCfg = Release|Any CPU
		{38C2E6D4-56E7-3034-82EA-8D0933224608}.Release|Any CPU.Build.0 = Release|Any CPU
	EndGlobalSection
	GlobalSection(SolutionProperties) = preSolution
		HideSolutionNode = FALSE
	EndGlobalSection
EndGlobal
